
Microsoft Visual Studio Solution File, Format Version 12.00
# Visual Studio Version 17
VisualStudioVersion = 17.0.32126.317
MinimumVisualStudioVersion = 10.0.40219.1
Project("{9A19103F-16F7-4668-BE54-9A1E7A4F7556}") = "DatadogLogsExporter", "DatadogLogsExporter\DatadogLogsExporter.csproj", "{8D71E322-A212-40F5-8F09-9B5A83D7A539}"
EndProject
Project("{2150E333-8FDC-42A3-9474-1A3956D46DE8}") = "Solution Items", "Solution Items", "{3AF2E376-863F-4F95-997F-2B7314A62D7C}"
	ProjectSection(SolutionItems) = preProject
		README.md = README.md
	EndProjectSection
EndProject
Global
	GlobalSection(SolutionConfigurationPlatforms) = preSolution
		Debug|Any CPU = Debug|Any CPU
		Release|Any CPU = Release|Any CPU
	EndGlobalSection
	GlobalSection(ProjectConfigurationPlatforms) = postSolution
		{8D71E322-A212-40F5-8F09-9B5A83D7A539}.Debug|Any CPU.ActiveCfg = Debug|Any CPU
		{8D71E322-A212-40F5-8F09-9B5A83D7A539}.Debug|Any CPU.Build.0 = Debug|Any CPU
		{8D71E322-A212-40F5-8F09-9B5A83D7A539}.Release|Any CPU.ActiveCfg = Release|Any CPU
		{8D71E322-A212-40F5-8F09-9B5A83D7A539}.Release|Any CPU.Build.0 = Release|Any CPU
	EndGlobalSection
	GlobalSection(SolutionProperties) = preSolution
		HideSolutionNode = FALSE
	EndGlobalSection
	GlobalSection(ExtensibilityGlobals) = postSolution
		SolutionGuid = {BBEDD7D4-02CD-448B-8DE2-FB16E2DA0D27}
	EndGlobalSection
EndGlobal
